{
    "version": 3,
    "terraform_version": "0.11.10",
    "serial": 5,
    "lineage": "15abeb10-f784-dbeb-b7f8-9681d96bbb24",
    "modules": [
        {
            "path": [
                "root"
            ],
            "outputs": {},
            "resources": {
                "google_compute_firewall.firewall_ssh": {
                    "type": "google_compute_firewall",
                    "depends_on": [],
                    "primary": {
                        "id": "default-allow-ssh-2",
                        "attributes": {
                            "allow.#": "1",
                            "allow.186047796.ports.#": "2",
                            "allow.186047796.ports.0": "22",
                            "allow.186047796.ports.1": "80",
                            "allow.186047796.protocol": "tcp",
                            "deny.#": "0",
                            "description": "",
                            "destination_ranges.#": "0",
                            "id": "default-allow-ssh-2",
                            "name": "default-allow-ssh-2",
                            "network": "https://www.googleapis.com/compute/v1/projects/docker-225720/global/networks/default",
                            "priority": "1000",
                            "project": "docker-225720",
                            "self_link": "https://www.googleapis.com/compute/v1/projects/docker-225720/global/firewalls/default-allow-ssh-2",
                            "source_ranges.#": "1",
                            "source_ranges.1080289494": "0.0.0.0/0",
                            "source_service_accounts.#": "0",
                            "source_tags.#": "0",
                            "target_service_accounts.#": "0",
                            "target_tags.#": "0"
                        },
                        "meta": {
                            "schema_version": "1"
                        },
                        "tainted": false
                    },
                    "deposed": [],
                    "provider": "provider.google"
                },
                "google_compute_instance.app": {
                    "type": "google_compute_instance",
                    "depends_on": [],
                    "primary": {
                        "id": "gitlab-ci",
                        "attributes": {
                            "attached_disk.#": "0",
                            "boot_disk.#": "1",
                            "boot_disk.0.auto_delete": "true",
                            "boot_disk.0.device_name": "persistent-disk-0",
                            "boot_disk.0.disk_encryption_key_raw": "",
                            "boot_disk.0.disk_encryption_key_sha256": "",
                            "boot_disk.0.initialize_params.#": "1",
                            "boot_disk.0.initialize_params.0.image": "ubuntu-1604-xenial-v20181204",
                            "boot_disk.0.initialize_params.0.size": "100",
                            "boot_disk.0.initialize_params.0.type": "",
                            "boot_disk.0.source": "https://www.googleapis.com/compute/v1/projects/docker-225720/zones/europe-west1-b/disks/gitlab-ci",
                            "can_ip_forward": "false",
                            "cpu_platform": "Intel Sandy Bridge",
                            "create_timeout": "4",
                            "guest_accelerator.#": "0",
                            "id": "gitlab-ci",
                            "instance_id": "3570583641669586252",
                            "label_fingerprint": "42WmSpB8rSM=",
                            "machine_type": "g1-small",
                            "metadata.%": "1",
                            "metadata.ssh-keys": "appuser:ssh-rsa AAAAB3NzaC1yc2EAAAADAQABAAABAQCy8knqLgKwpVYbm+sIJEzuzFXaAXrf/7MXc96Xzn0HwK4d+2t4DNw8J7W7HF2wYNIkVfcSPlndE/jWFD+Njo5Squ+lbFIZ0OZQ4cC8zGPoNU2Hjn2T48bPs51z5UcoXqrc8FtTIdR1mtYfuyBEfWrrKisppKFw4gmmvI77o6tAUEQmBKhrl2l0upXIxKZsafslX/yyVYAi5iPfgzCOD/aDogtTDSaa/ksX0eWt31NNiMx0pD0KarOEIqlRsVsyJApVhRLty71dgkam71KHKLXvjgUIGYuuq5NWTeVPtUXtaip6u+W9Y7jnuSXD6PwI+nxV8mHE6svkO/iI7VEx8BsV appuser\n",
                            "metadata_fingerprint": "QLRUdvKjb8c=",
                            "min_cpu_platform": "",
                            "name": "gitlab-ci",
                            "network_interface.#": "1",
                            "network_interface.0.access_config.#": "1",
                            "network_interface.0.access_config.0.assigned_nat_ip": "35.233.117.228",
                            "network_interface.0.access_config.0.nat_ip": "35.233.117.228",
                            "network_interface.0.address": "10.132.0.4",
                            "network_interface.0.alias_ip_range.#": "0",
                            "network_interface.0.name": "nic0",
                            "network_interface.0.network": "https://www.googleapis.com/compute/v1/projects/docker-225720/global/networks/default",
                            "network_interface.0.network_ip": "10.132.0.4",
                            "network_interface.0.subnetwork": "https://www.googleapis.com/compute/v1/projects/docker-225720/regions/europe-west1/subnetworks/default",
                            "network_interface.0.subnetwork_project": "docker-225720",
                            "project": "docker-225720",
                            "scheduling.#": "1",
                            "scheduling.0.automatic_restart": "true",
                            "scheduling.0.on_host_maintenance": "MIGRATE",
                            "scheduling.0.preemptible": "false",
                            "scratch_disk.#": "0",
                            "self_link": "https://www.googleapis.com/compute/v1/projects/docker-225720/zones/europe-west1-b/instances/gitlab-ci",
                            "service_account.#": "0",
                            "tags_fingerprint": "42WmSpB8rSM=",
                            "zone": "europe-west1-b"
                        },
                        "meta": {
                            "schema_version": "6"
                        },
                        "tainted": false
                    },
                    "deposed": [],
                    "provider": "provider.google"
                }
            },
            "depends_on": []
        }
    ]
}
